
Microsoft Visual Studio Solution File, Format Version 12.00
# Visual Studio 14
VisualStudioVersion = 14.0.24720.0
MinimumVisualStudioVersion = 10.0.40219.1
Project("{FAE04EC0-301F-11D3-BF4B-00C04F79EFBC}") = "RealSMART_VSTO배포지원도구", "RealSMART_VSTO배포지원도구\RealSMART_VSTO배포지원도구.csproj", "{FA055FA0-1E37-4A49-A9A6-3F542E1ABD81}"
EndProject
Global
	GlobalSection(SolutionConfigurationPlatforms) = preSolution
		Debug|Any CPU = Debug|Any CPU
		Release|Any CPU = Release|Any CPU
	EndGlobalSection
	GlobalSection(ProjectConfigurationPlatforms) = postSolution
		{FA055FA0-1E37-4A49-A9A6-3F542E1ABD81}.Debug|Any CPU.ActiveCfg = Debug|Any CPU
		{FA055FA0-1E37-4A49-A9A6-3F542E1ABD81}.Debug|Any CPU.Build.0 = Debug|Any CPU
		{FA055FA0-1E37-4A49-A9A6-3F542E1ABD81}.Release|Any CPU.ActiveCfg = Release|Any CPU
		{FA055FA0-1E37-4A49-A9A6-3F542E1ABD81}.Release|Any CPU.Build.0 = Release|Any CPU
	EndGlobalSection
	GlobalSection(SolutionProperties) = preSolution
		HideSolutionNode = FALSE
	EndGlobalSection
EndGlobal
